// !$*UTF8*$!
{
	archiveVersion = 1;
	classes = {
	};
	objectVersion = 56;
	objects = {

/* Begin PBXBuildFile section */
		F359014E2ABBEC7E00D1FFAF /* PermanforceApp.swift in Sources */ = {isa = PBXBuildFile; fileRef = F359014D2ABBEC7E00D1FFAF /* PermanforceApp.swift */; };
		F35901502ABBEC7E00D1FFAF /* ContentView.swift in Sources */ = {isa = PBXBuildFile; fileRef = F359014F2ABBEC7E00D1FFAF /* ContentView.swift */; };
		F35901522ABBEC8000D1FFAF /* Assets.xcassets in Resources */ = {isa = PBXBuildFile; fileRef = F35901512ABBEC8000D1FFAF /* Assets.xcassets */; };
		F35901552ABBEC8000D1FFAF /* Preview Assets.xcassets in Resources */ = {isa = PBXBuildFile; fileRef = F35901542ABBEC8000D1FFAF /* Preview Assets.xcassets */; };
		F359015F2ABBEC8000D1FFAF /* PermanforceTests.swift in Sources */ = {isa = PBXBuildFile; fileRef = F359015E2ABBEC8000D1FFAF /* PermanforceTests.swift */; };
		F35901782ABBEC9200D1FFAF /* Artist.swift in Sources */ = {isa = PBXBuildFile; fileRef = F35901772ABBEC9200D1FFAF /* Artist.swift */; };
		F359017A2ABBECD500D1FFAF /* ParentModel.swift in Sources */ = {isa = PBXBuildFile; fileRef = F35901792ABBECD500D1FFAF /* ParentModel.swift */; };
		F359017C2ABBED3B00D1FFAF /* Performance.swift in Sources */ = {isa = PBXBuildFile; fileRef = F359017B2ABBED3B00D1FFAF /* Performance.swift */; };
		F359017E2ABBEE4900D1FFAF /* DynamicCodingKey.swift in Sources */ = {isa = PBXBuildFile; fileRef = F359017D2ABBEE4900D1FFAF /* DynamicCodingKey.swift */; };
		F35901802ABBF05900D1FFAF /* Venue.swift in Sources */ = {isa = PBXBuildFile; fileRef = F359017F2ABBF05900D1FFAF /* Venue.swift */; };
		F35901822ABBF09500D1FFAF /* Named.swift in Sources */ = {isa = PBXBuildFile; fileRef = F35901812ABBF09500D1FFAF /* Named.swift */; };
		F35901852ABBF16100D1FFAF /* HTTPFluent in Frameworks */ = {isa = PBXBuildFile; productRef = F35901842ABBF16100D1FFAF /* HTTPFluent */; };
		F35901882ABBF17000D1FFAF /* Guise in Frameworks */ = {isa = PBXBuildFile; productRef = F35901872ABBF17000D1FFAF /* Guise */; };
		F35901942ABBF35200D1FFAF /* Nimble in Frameworks */ = {isa = PBXBuildFile; productRef = F35901932ABBF35200D1FFAF /* Nimble */; };
		F35901962ABBF3E100D1FFAF /* PerformanceCodableTests.swift in Sources */ = {isa = PBXBuildFile; fileRef = F35901952ABBF3E100D1FFAF /* PerformanceCodableTests.swift */; };
/* End PBXBuildFile section */

/* Begin PBXContainerItemProxy section */
		F359015B2ABBEC8000D1FFAF /* PBXContainerItemProxy */ = {
			isa = PBXContainerItemProxy;
			containerPortal = F35901422ABBEC7E00D1FFAF /* Project object */;
			proxyType = 1;
			remoteGlobalIDString = F35901492ABBEC7E00D1FFAF;
			remoteInfo = Permanforce;
		};
/* End PBXContainerItemProxy section */

/* Begin PBXFileReference section */
		F359014A2ABBEC7E00D1FFAF /* Permanforce.app */ = {isa = PBXFileReference; explicitFileType = wrapper.application; includeInIndex = 0; path = Permanforce.app; sourceTree = BUILT_PRODUCTS_DIR; };
		F359014D2ABBEC7E00D1FFAF /* PermanforceApp.swift */ = {isa = PBXFileReference; lastKnownFileType = sourcecode.swift; path = PermanforceApp.swift; sourceTree = "<group>"; };
		F359014F2ABBEC7E00D1FFAF /* ContentView.swift */ = {isa = PBXFileReference; lastKnownFileType = sourcecode.swift; path = ContentView.swift; sourceTree = "<group>"; };
		F35901512ABBEC8000D1FFAF /* Assets.xcassets */ = {isa = PBXFileReference; lastKnownFileType = folder.assetcatalog; path = Assets.xcassets; sourceTree = "<group>"; };
		F35901542ABBEC8000D1FFAF /* Preview Assets.xcassets */ = {isa = PBXFileReference; lastKnownFileType = folder.assetcatalog; path = "Preview Assets.xcassets"; sourceTree = "<group>"; };
		F359015A2ABBEC8000D1FFAF /* PermanforceTests.xctest */ = {isa = PBXFileReference; explicitFileType = wrapper.cfbundle; includeInIndex = 0; path = PermanforceTests.xctest; sourceTree = BUILT_PRODUCTS_DIR; };
		F359015E2ABBEC8000D1FFAF /* PermanforceTests.swift */ = {isa = PBXFileReference; lastKnownFileType = sourcecode.swift; path = PermanforceTests.swift; sourceTree = "<group>"; };
		F35901772ABBEC9200D1FFAF /* Artist.swift */ = {isa = PBXFileReference; lastKnownFileType = sourcecode.swift; path = Artist.swift; sourceTree = "<group>"; };
		F35901792ABBECD500D1FFAF /* ParentModel.swift */ = {isa = PBXFileReference; lastKnownFileType = sourcecode.swift; path = ParentModel.swift; sourceTree = "<group>"; };
		F359017B2ABBED3B00D1FFAF /* Performance.swift */ = {isa = PBXFileReference; lastKnownFileType = sourcecode.swift; path = Performance.swift; sourceTree = "<group>"; };
		F359017D2ABBEE4900D1FFAF /* DynamicCodingKey.swift */ = {isa = PBXFileReference; lastKnownFileType = sourcecode.swift; path = DynamicCodingKey.swift; sourceTree = "<group>"; };
		F359017F2ABBF05900D1FFAF /* Venue.swift */ = {isa = PBXFileReference; lastKnownFileType = sourcecode.swift; path = Venue.swift; sourceTree = "<group>"; };
		F35901812ABBF09500D1FFAF /* Named.swift */ = {isa = PBXFileReference; lastKnownFileType = sourcecode.swift; path = Named.swift; sourceTree = "<group>"; };
		F35901952ABBF3E100D1FFAF /* PerformanceCodableTests.swift */ = {isa = PBXFileReference; lastKnownFileType = sourcecode.swift; path = PerformanceCodableTests.swift; sourceTree = "<group>"; };
/* End PBXFileReference section */

/* Begin PBXFrameworksBuildPhase section */
		F35901472ABBEC7E00D1FFAF /* Frameworks */ = {
			isa = PBXFrameworksBuildPhase;
			buildActionMask = 2147483647;
			files = (
				F35901882ABBF17000D1FFAF /* Guise in Frameworks */,
				F35901852ABBF16100D1FFAF /* HTTPFluent in Frameworks */,
			);
			runOnlyForDeploymentPostprocessing = 0;
		};
		F35901572ABBEC8000D1FFAF /* Frameworks */ = {
			isa = PBXFrameworksBuildPhase;
			buildActionMask = 2147483647;
			files = (
				F35901942ABBF35200D1FFAF /* Nimble in Frameworks */,
			);
			runOnlyForDeploymentPostprocessing = 0;
		};
/* End PBXFrameworksBuildPhase section */

/* Begin PBXGroup section */
		F35901412ABBEC7E00D1FFAF = {
			isa = PBXGroup;
			children = (
				F359014C2ABBEC7E00D1FFAF /* Permanforce */,
				F359015D2ABBEC8000D1FFAF /* PermanforceTests */,
				F359014B2ABBEC7E00D1FFAF /* Products */,
				F35901922ABBF35200D1FFAF /* Frameworks */,
			);
			sourceTree = "<group>";
		};
		F359014B2ABBEC7E00D1FFAF /* Products */ = {
			isa = PBXGroup;
			children = (
				F359014A2ABBEC7E00D1FFAF /* Permanforce.app */,
				F359015A2ABBEC8000D1FFAF /* PermanforceTests.xctest */,
			);
			name = Products;
			sourceTree = "<group>";
		};
		F359014C2ABBEC7E00D1FFAF /* Permanforce */ = {
			isa = PBXGroup;
			children = (
				F359014D2ABBEC7E00D1FFAF /* PermanforceApp.swift */,
				F359014F2ABBEC7E00D1FFAF /* ContentView.swift */,
				F35901512ABBEC8000D1FFAF /* Assets.xcassets */,
				F35901532ABBEC8000D1FFAF /* Preview Content */,
				F35901772ABBEC9200D1FFAF /* Artist.swift */,
				F35901792ABBECD500D1FFAF /* ParentModel.swift */,
				F359017B2ABBED3B00D1FFAF /* Performance.swift */,
				F359017D2ABBEE4900D1FFAF /* DynamicCodingKey.swift */,
				F359017F2ABBF05900D1FFAF /* Venue.swift */,
				F35901812ABBF09500D1FFAF /* Named.swift */,
			);
			path = Permanforce;
			sourceTree = "<group>";
		};
		F35901532ABBEC8000D1FFAF /* Preview Content */ = {
			isa = PBXGroup;
			children = (
				F35901542ABBEC8000D1FFAF /* Preview Assets.xcassets */,
			);
			path = "Preview Content";
			sourceTree = "<group>";
		};
		F359015D2ABBEC8000D1FFAF /* PermanforceTests */ = {
			isa = PBXGroup;
			children = (
				F359015E2ABBEC8000D1FFAF /* PermanforceTests.swift */,
				F35901952ABBF3E100D1FFAF /* PerformanceCodableTests.swift */,
			);
			path = PermanforceTests;
			sourceTree = "<group>";
		};
		F35901922ABBF35200D1FFAF /* Frameworks */ = {
			isa = PBXGroup;
			children = (
			);
			name = Frameworks;
			sourceTree = "<group>";
		};
/* End PBXGroup section */

/* Begin PBXNativeTarget section */
		F35901492ABBEC7E00D1FFAF /* Permanforce */ = {
			isa = PBXNativeTarget;
			buildConfigurationList = F359016E2ABBEC8000D1FFAF /* Build configuration list for PBXNativeTarget "Permanforce" */;
			buildPhases = (
				F35901462ABBEC7E00D1FFAF /* Sources */,
				F35901472ABBEC7E00D1FFAF /* Frameworks */,
				F35901482ABBEC7E00D1FFAF /* Resources */,
			);
			buildRules = (
			);
			dependencies = (
			);
			name = Permanforce;
			packageProductDependencies = (
				F35901842ABBF16100D1FFAF /* HTTPFluent */,
				F35901872ABBF17000D1FFAF /* Guise */,
			);
			productName = Permanforce;
			productReference = F359014A2ABBEC7E00D1FFAF /* Permanforce.app */;
			productType = "com.apple.product-type.application";
		};
		F35901592ABBEC8000D1FFAF /* PermanforceTests */ = {
			isa = PBXNativeTarget;
			buildConfigurationList = F35901712ABBEC8000D1FFAF /* Build configuration list for PBXNativeTarget "PermanforceTests" */;
			buildPhases = (
				F35901562ABBEC8000D1FFAF /* Sources */,
				F35901572ABBEC8000D1FFAF /* Frameworks */,
				F35901582ABBEC8000D1FFAF /* Resources */,
			);
			buildRules = (
			);
			dependencies = (
				F359015C2ABBEC8000D1FFAF /* PBXTargetDependency */,
			);
			name = PermanforceTests;
			packageProductDependencies = (
				F35901932ABBF35200D1FFAF /* Nimble */,
			);
			productName = PermanforceTests;
			productReference = F359015A2ABBEC8000D1FFAF /* PermanforceTests.xctest */;
			productType = "com.apple.product-type.bundle.unit-test";
		};
/* End PBXNativeTarget section */

/* Begin PBXProject section */
		F35901422ABBEC7E00D1FFAF /* Project object */ = {
			isa = PBXProject;
			attributes = {
				BuildIndependentTargetsInParallel = 1;
				LastSwiftUpdateCheck = 1500;
				LastUpgradeCheck = 1500;
				TargetAttributes = {
					F35901492ABBEC7E00D1FFAF = {
						CreatedOnToolsVersion = 15.0;
					};
					F35901592ABBEC8000D1FFAF = {
						CreatedOnToolsVersion = 15.0;
						TestTargetID = F35901492ABBEC7E00D1FFAF;
					};
				};
			};
			buildConfigurationList = F35901452ABBEC7E00D1FFAF /* Build configuration list for PBXProject "Permanforce" */;
			compatibilityVersion = "Xcode 14.0";
			developmentRegion = en;
			hasScannedForEncodings = 0;
			knownRegions = (
				en,
				Base,
			);
			mainGroup = F35901412ABBEC7E00D1FFAF;
			packageReferences = (
				F35901832ABBF16100D1FFAF /* XCRemoteSwiftPackageReference "HTTPFluent" */,
				F35901862ABBF17000D1FFAF /* XCRemoteSwiftPackageReference "Guise" */,
				F359018F2ABBF34100D1FFAF /* XCRemoteSwiftPackageReference "nimble" */,
			);
			productRefGroup = F359014B2ABBEC7E00D1FFAF /* Products */;
			projectDirPath = "";
			projectRoot = "";
			targets = (
				F35901492ABBEC7E00D1FFAF /* Permanforce */,
				F35901592ABBEC8000D1FFAF /* PermanforceTests */,
			);
		};
/* End PBXProject section */

/* Begin PBXResourcesBuildPhase section */
		F35901482ABBEC7E00D1FFAF /* Resources */ = {
			isa = PBXResourcesBuildPhase;
			buildActionMask = 2147483647;
			files = (
				F35901552ABBEC8000D1FFAF /* Preview Assets.xcassets in Resources */,
				F35901522ABBEC8000D1FFAF /* Assets.xcassets in Resources */,
			);
			runOnlyForDeploymentPostprocessing = 0;
		};
		F35901582ABBEC8000D1FFAF /* Resources */ = {
			isa = PBXResourcesBuildPhase;
			buildActionMask = 2147483647;
			files = (
			);
			runOnlyForDeploymentPostprocessing = 0;
		};
/* End PBXResourcesBuildPhase section */

/* Begin PBXSourcesBuildPhase section */
		F35901462ABBEC7E00D1FFAF /* Sources */ = {
			isa = PBXSourcesBuildPhase;
			buildActionMask = 2147483647;
			files = (
				F35901782ABBEC9200D1FFAF /* Artist.swift in Sources */,
				F359017C2ABBED3B00D1FFAF /* Performance.swift in Sources */,
				F35901502ABBEC7E00D1FFAF /* ContentView.swift in Sources */,
				F35901822ABBF09500D1FFAF /* Named.swift in Sources */,
				F35901802ABBF05900D1FFAF /* Venue.swift in Sources */,
				F359017E2ABBEE4900D1FFAF /* DynamicCodingKey.swift in Sources */,
				F359017A2ABBECD500D1FFAF /* ParentModel.swift in Sources */,
				F359014E2ABBEC7E00D1FFAF /* PermanforceApp.swift in Sources */,
			);
			runOnlyForDeploymentPostprocessing = 0;
		};
		F35901562ABBEC8000D1FFAF /* Sources */ = {
			isa = PBXSourcesBuildPhase;
			buildActionMask = 2147483647;
			files = (
				F359015F2ABBEC8000D1FFAF /* PermanforceTests.swift in Sources */,
				F35901962ABBF3E100D1FFAF /* PerformanceCodableTests.swift in Sources */,
			);
			runOnlyForDeploymentPostprocessing = 0;
		};
/* End PBXSourcesBuildPhase section */

/* Begin PBXTargetDependency section */
		F359015C2ABBEC8000D1FFAF /* PBXTargetDependency */ = {
			isa = PBXTargetDependency;
			target = F35901492ABBEC7E00D1FFAF /* Permanforce */;
			targetProxy = F359015B2ABBEC8000D1FFAF /* PBXContainerItemProxy */;
		};
/* End PBXTargetDependency section */

/* Begin XCBuildConfiguration section */
		F359016C2ABBEC8000D1FFAF /* Debug */ = {
			isa = XCBuildConfiguration;
			buildSettings = {
				ALWAYS_SEARCH_USER_PATHS = NO;
				ASSETCATALOG_COMPILER_GENERATE_SWIFT_ASSET_SYMBOL_EXTENSIONS = YES;
				CLANG_ANALYZER_NONNULL = YES;
				CLANG_ANALYZER_NUMBER_OBJECT_CONVERSION = YES_AGGRESSIVE;
				CLANG_CXX_LANGUAGE_STANDARD = "gnu++20";
				CLANG_ENABLE_MODULES = YES;
				CLANG_ENABLE_OBJC_ARC = YES;
				CLANG_ENABLE_OBJC_WEAK = YES;
				CLANG_WARN_BLOCK_CAPTURE_AUTORELEASING = YES;
				CLANG_WARN_BOOL_CONVERSION = YES;
				CLANG_WARN_COMMA = YES;
				CLANG_WARN_CONSTANT_CONVERSION = YES;
				CLANG_WARN_DEPRECATED_OBJC_IMPLEMENTATIONS = YES;
				CLANG_WARN_DIRECT_OBJC_ISA_USAGE = YES_ERROR;
				CLANG_WARN_DOCUMENTATION_COMMENTS = YES;
				CLANG_WARN_EMPTY_BODY = YES;
				CLANG_WARN_ENUM_CONVERSION = YES;
				CLANG_WARN_INFINITE_RECURSION = YES;
				CLANG_WARN_INT_CONVERSION = YES;
				CLANG_WARN_NON_LITERAL_NULL_CONVERSION = YES;
				CLANG_WARN_OBJC_IMPLICIT_RETAIN_SELF = YES;
				CLANG_WARN_OBJC_LITERAL_CONVERSION = YES;
				CLANG_WARN_OBJC_ROOT_CLASS = YES_ERROR;
				CLANG_WARN_QUOTED_INCLUDE_IN_FRAMEWORK_HEADER = YES;
				CLANG_WARN_RANGE_LOOP_ANALYSIS = YES;
				CLANG_WARN_STRICT_PROTOTYPES = YES;
				CLANG_WARN_SUSPICIOUS_MOVE = YES;
				CLANG_WARN_UNGUARDED_AVAILABILITY = YES_AGGRESSIVE;
				CLANG_WARN_UNREACHABLE_CODE = YES;
				CLANG_WARN__DUPLICATE_METHOD_MATCH = YES;
				COPY_PHASE_STRIP = NO;
				DEBUG_INFORMATION_FORMAT = dwarf;
				ENABLE_STRICT_OBJC_MSGSEND = YES;
				ENABLE_TESTABILITY = YES;
				ENABLE_USER_SCRIPT_SANDBOXING = YES;
				GCC_C_LANGUAGE_STANDARD = gnu17;
				GCC_DYNAMIC_NO_PIC = NO;
				GCC_NO_COMMON_BLOCKS = YES;
				GCC_OPTIMIZATION_LEVEL = 0;
				GCC_PREPROCESSOR_DEFINITIONS = (
					"DEBUG=1",
					"$(inherited)",
				);
				GCC_WARN_64_TO_32_BIT_CONVERSION = YES;
				GCC_WARN_ABOUT_RETURN_TYPE = YES_ERROR;
				GCC_WARN_UNDECLARED_SELECTOR = YES;
				GCC_WARN_UNINITIALIZED_AUTOS = YES_AGGRESSIVE;
				GCC_WARN_UNUSED_FUNCTION = YES;
				GCC_WARN_UNUSED_VARIABLE = YES;
				IPHONEOS_DEPLOYMENT_TARGET = 17.0;
				LOCALIZATION_PREFERS_STRING_CATALOGS = YES;
				MTL_ENABLE_DEBUG_INFO = INCLUDE_SOURCE;
				MTL_FAST_MATH = YES;
				ONLY_ACTIVE_ARCH = YES;
				SDKROOT = iphoneos;
				SWIFT_ACTIVE_COMPILATION_CONDITIONS = "DEBUG $(inherited)";
				SWIFT_OPTIMIZATION_LEVEL = "-Onone";
			};
			name = Debug;
		};
		F359016D2ABBEC8000D1FFAF /* Release */ = {
			isa = XCBuildConfiguration;
			buildSettings = {
				ALWAYS_SEARCH_USER_PATHS = NO;
				ASSETCATALOG_COMPILER_GENERATE_SWIFT_ASSET_SYMBOL_EXTENSIONS = YES;
				CLANG_ANALYZER_NONNULL = YES;
				CLANG_ANALYZER_NUMBER_OBJECT_CONVERSION = YES_AGGRESSIVE;
				CLANG_CXX_LANGUAGE_STANDARD = "gnu++20";
				CLANG_ENABLE_MODULES = YES;
				CLANG_ENABLE_OBJC_ARC = YES;
				CLANG_ENABLE_OBJC_WEAK = YES;
				CLANG_WARN_BLOCK_CAPTURE_AUTORELEASING = YES;
				CLANG_WARN_BOOL_CONVERSION = YES;
				CLANG_WARN_COMMA = YES;
				CLANG_WARN_CONSTANT_CONVERSION = YES;
				CLANG_WARN_DEPRECATED_OBJC_IMPLEMENTATIONS = YES;
				CLANG_WARN_DIRECT_OBJC_ISA_USAGE = YES_ERROR;
				CLANG_WARN_DOCUMENTATION_COMMENTS = YES;
				CLANG_WARN_EMPTY_BODY = YES;
				CLANG_WARN_ENUM_CONVERSION = YES;
				CLANG_WARN_INFINITE_RECURSION = YES;
				CLANG_WARN_INT_CONVERSION = YES;
				CLANG_WARN_NON_LITERAL_NULL_CONVERSION = YES;
				CLANG_WARN_OBJC_IMPLICIT_RETAIN_SELF = YES;
				CLANG_WARN_OBJC_LITERAL_CONVERSION = YES;
				CLANG_WARN_OBJC_ROOT_CLASS = YES_ERROR;
				CLANG_WARN_QUOTED_INCLUDE_IN_FRAMEWORK_HEADER = YES;
				CLANG_WARN_RANGE_LOOP_ANALYSIS = YES;
				CLANG_WARN_STRICT_PROTOTYPES = YES;
				CLANG_WARN_SUSPICIOUS_MOVE = YES;
				CLANG_WARN_UNGUARDED_AVAILABILITY = YES_AGGRESSIVE;
				CLANG_WARN_UNREACHABLE_CODE = YES;
				CLANG_WARN__DUPLICATE_METHOD_MATCH = YES;
				COPY_PHASE_STRIP = NO;
				DEBUG_INFORMATION_FORMAT = "dwarf-with-dsym";
				ENABLE_NS_ASSERTIONS = NO;
				ENABLE_STRICT_OBJC_MSGSEND = YES;
				ENABLE_USER_SCRIPT_SANDBOXING = YES;
				GCC_C_LANGUAGE_STANDARD = gnu17;
				GCC_NO_COMMON_BLOCKS = YES;
				GCC_WARN_64_TO_32_BIT_CONVERSION = YES;
				GCC_WARN_ABOUT_RETURN_TYPE = YES_ERROR;
				GCC_WARN_UNDECLARED_SELECTOR = YES;
				GCC_WARN_UNINITIALIZED_AUTOS = YES_AGGRESSIVE;
				GCC_WARN_UNUSED_FUNCTION = YES;
				GCC_WARN_UNUSED_VARIABLE = YES;
				IPHONEOS_DEPLOYMENT_TARGET = 17.0;
				LOCALIZATION_PREFERS_STRING_CATALOGS = YES;
				MTL_ENABLE_DEBUG_INFO = NO;
				MTL_FAST_MATH = YES;
				SDKROOT = iphoneos;
				SWIFT_COMPILATION_MODE = wholemodule;
				VALIDATE_PRODUCT = YES;
			};
			name = Release;
		};
		F359016F2ABBEC8000D1FFAF /* Debug */ = {
			isa = XCBuildConfiguration;
			buildSettings = {
				ASSETCATALOG_COMPILER_APPICON_NAME = AppIcon;
				ASSETCATALOG_COMPILER_GLOBAL_ACCENT_COLOR_NAME = AccentColor;
				CODE_SIGN_STYLE = Automatic;
				CURRENT_PROJECT_VERSION = 1;
				DEVELOPMENT_ASSET_PATHS = "\"Permanforce/Preview Content\"";
				ENABLE_PREVIEWS = YES;
				GENERATE_INFOPLIST_FILE = YES;
				INFOPLIST_KEY_UIApplicationSceneManifest_Generation = YES;
				INFOPLIST_KEY_UIApplicationSupportsIndirectInputEvents = YES;
				INFOPLIST_KEY_UILaunchScreen_Generation = YES;
				INFOPLIST_KEY_UISupportedInterfaceOrientations_iPad = "UIInterfaceOrientationPortrait UIInterfaceOrientationPortraitUpsideDown UIInterfaceOrientationLandscapeLeft UIInterfaceOrientationLandscapeRight";
				INFOPLIST_KEY_UISupportedInterfaceOrientations_iPhone = "UIInterfaceOrientationPortrait UIInterfaceOrientationLandscapeLeft UIInterfaceOrientationLandscapeRight";
				LD_RUNPATH_SEARCH_PATHS = (
					"$(inherited)",
					"@executable_path/Frameworks",
				);
				MARKETING_VERSION = 1.0;
				PRODUCT_BUNDLE_IDENTIFIER = com.prosumma.Permanforce;
				PRODUCT_NAME = "$(TARGET_NAME)";
				SWIFT_EMIT_LOC_STRINGS = YES;
				SWIFT_VERSION = 5.0;
				TARGETED_DEVICE_FAMILY = "1,2";
			};
			name = Debug;
		};
		F35901702ABBEC8000D1FFAF /* Release */ = {
			isa = XCBuildConfiguration;
			buildSettings = {
				ASSETCATALOG_COMPILER_APPICON_NAME = AppIcon;
				ASSETCATALOG_COMPILER_GLOBAL_ACCENT_COLOR_NAME = AccentColor;
				CODE_SIGN_STYLE = Automatic;
				CURRENT_PROJECT_VERSION = 1;
				DEVELOPMENT_ASSET_PATHS = "\"Permanforce/Preview Content\"";
				ENABLE_PREVIEWS = YES;
				GENERATE_INFOPLIST_FILE = YES;
				INFOPLIST_KEY_UIApplicationSceneManifest_Generation = YES;
				INFOPLIST_KEY_UIApplicationSupportsIndirectInputEvents = YES;
				INFOPLIST_KEY_UILaunchScreen_Generation = YES;
				INFOPLIST_KEY_UISupportedInterfaceOrientations_iPad = "UIInterfaceOrientationPortrait UIInterfaceOrientationPortraitUpsideDown UIInterfaceOrientationLandscapeLeft UIInterfaceOrientationLandscapeRight";
				INFOPLIST_KEY_UISupportedInterfaceOrientations_iPhone = "UIInterfaceOrientationPortrait UIInterfaceOrientationLandscapeLeft UIInterfaceOrientationLandscapeRight";
				LD_RUNPATH_SEARCH_PATHS = (
					"$(inherited)",
					"@executable_path/Frameworks",
				);
				MARKETING_VERSION = 1.0;
				PRODUCT_BUNDLE_IDENTIFIER = com.prosumma.Permanforce;
				PRODUCT_NAME = "$(TARGET_NAME)";
				SWIFT_EMIT_LOC_STRINGS = YES;
				SWIFT_VERSION = 5.0;
				TARGETED_DEVICE_FAMILY = "1,2";
			};
			name = Release;
		};
		F35901722ABBEC8000D1FFAF /* Debug */ = {
			isa = XCBuildConfiguration;
			buildSettings = {
				ALWAYS_EMBED_SWIFT_STANDARD_LIBRARIES = YES;
				BUNDLE_LOADER = "$(TEST_HOST)";
				CODE_SIGN_STYLE = Automatic;
				CURRENT_PROJECT_VERSION = 1;
				GENERATE_INFOPLIST_FILE = YES;
				IPHONEOS_DEPLOYMENT_TARGET = 17.0;
				MARKETING_VERSION = 1.0;
				PRODUCT_BUNDLE_IDENTIFIER = com.prosumma.PermanforceTests;
				PRODUCT_NAME = "$(TARGET_NAME)";
				SWIFT_EMIT_LOC_STRINGS = NO;
				SWIFT_VERSION = 5.0;
				TARGETED_DEVICE_FAMILY = "1,2";
				TEST_HOST = "$(BUILT_PRODUCTS_DIR)/Permanforce.app/$(BUNDLE_EXECUTABLE_FOLDER_PATH)/Permanforce";
			};
			name = Debug;
		};
		F35901732ABBEC8000D1FFAF /* Release */ = {
			isa = XCBuildConfiguration;
			buildSettings = {
				ALWAYS_EMBED_SWIFT_STANDARD_LIBRARIES = YES;
				BUNDLE_LOADER = "$(TEST_HOST)";
				CODE_SIGN_STYLE = Automatic;
				CURRENT_PROJECT_VERSION = 1;
				GENERATE_INFOPLIST_FILE = YES;
				IPHONEOS_DEPLOYMENT_TARGET = 17.0;
				MARKETING_VERSION = 1.0;
				PRODUCT_BUNDLE_IDENTIFIER = com.prosumma.PermanforceTests;
				PRODUCT_NAME = "$(TARGET_NAME)";
				SWIFT_EMIT_LOC_STRINGS = NO;
				SWIFT_VERSION = 5.0;
				TARGETED_DEVICE_FAMILY = "1,2";
				TEST_HOST = "$(BUILT_PRODUCTS_DIR)/Permanforce.app/$(BUNDLE_EXECUTABLE_FOLDER_PATH)/Permanforce";
			};
			name = Release;
		};
/* End XCBuildConfiguration section */

/* Begin XCConfigurationList section */
		F35901452ABBEC7E00D1FFAF /* Build configuration list for PBXProject "Permanforce" */ = {
			isa = XCConfigurationList;
			buildConfigurations = (
				F359016C2ABBEC8000D1FFAF /* Debug */,
				F359016D2ABBEC8000D1FFAF /* Release */,
			);
			defaultConfigurationIsVisible = 0;
			defaultConfigurationName = Release;
		};
		F359016E2ABBEC8000D1FFAF /* Build configuration list for PBXNativeTarget "Permanforce" */ = {
			isa = XCConfigurationList;
			buildConfigurations = (
				F359016F2ABBEC8000D1FFAF /* Debug */,
				F35901702ABBEC8000D1FFAF /* Release */,
			);
			defaultConfigurationIsVisible = 0;
			defaultConfigurationName = Release;
		};
		F35901712ABBEC8000D1FFAF /* Build configuration list for PBXNativeTarget "PermanforceTests" */ = {
			isa = XCConfigurationList;
			buildConfigurations = (
				F35901722ABBEC8000D1FFAF /* Debug */,
				F35901732ABBEC8000D1FFAF /* Release */,
			);
			defaultConfigurationIsVisible = 0;
			defaultConfigurationName = Release;
		};
/* End XCConfigurationList section */

/* Begin XCRemoteSwiftPackageReference section */
		F35901832ABBF16100D1FFAF /* XCRemoteSwiftPackageReference "HTTPFluent" */ = {
			isa = XCRemoteSwiftPackageReference;
			repositoryURL = "https://github.com/prosumma/HTTPFluent";
			requirement = {
				kind = upToNextMajorVersion;
				minimumVersion = 1.1.1;
			};
		};
		F35901862ABBF17000D1FFAF /* XCRemoteSwiftPackageReference "Guise" */ = {
			isa = XCRemoteSwiftPackageReference;
			repositoryURL = "https://github.com/prosumma/Guise";
			requirement = {
				kind = upToNextMajorVersion;
				minimumVersion = 10.1.2;
			};
		};
		F359018F2ABBF34100D1FFAF /* XCRemoteSwiftPackageReference "nimble" */ = {
			isa = XCRemoteSwiftPackageReference;
			repositoryURL = "https://github.com/quick/nimble";
			requirement = {
				kind = exactVersion;
				version = 12.3.0;
			};
		};
/* End XCRemoteSwiftPackageReference section */

/* Begin XCSwiftPackageProductDependency section */
		F35901842ABBF16100D1FFAF /* HTTPFluent */ = {
			isa = XCSwiftPackageProductDependency;
			package = F35901832ABBF16100D1FFAF /* XCRemoteSwiftPackageReference "HTTPFluent" */;
			productName = HTTPFluent;
		};
		F35901872ABBF17000D1FFAF /* Guise */ = {
			isa = XCSwiftPackageProductDependency;
			package = F35901862ABBF17000D1FFAF /* XCRemoteSwiftPackageReference "Guise" */;
			productName = Guise;
		};
		F35901932ABBF35200D1FFAF /* Nimble */ = {
			isa = XCSwiftPackageProductDependency;
			package = F359018F2ABBF34100D1FFAF /* XCRemoteSwiftPackageReference "nimble" */;
			productName = Nimble;
		};
/* End XCSwiftPackageProductDependency section */
	};
	rootObject = F35901422ABBEC7E00D1FFAF /* Project object */;
}
